github.com/Songmu/go-ltsv v0.0.0-20181014062614-c30af2b7b171 h1:nwdeQV2pNjaTv3os4N4/bKDqv0PxW/9DoEAdtW6sY9o=
github.com/Songmu/go-ltsv v0.0.0-20181014062614-c30af2b7b171/go.mod h1:LBP+tS9C2iiUoR7AGPaZYY+kjXgB5eZxZKbSEBL9UFw=
github.com/Wing924/ltsv v0.0.0-20190513010029-334933ac8447 h1:H/FdP2I0hwsQJ8wy3hmj7C3MJWiWL1fFPTF3gILG+jo=
github.com/Wing924/ltsv v0.0.0-20190513010029-334933ac8447/go.mod h1:zl47wq7H23LocdDHg7yJAH/Qdc4MWHXu1Evx9Ahilmo=
github.com/Wing924/ltsv v0.1.1 h1:ZNz4j0Y7D2+ZKhuGK1H+bbTPnXKrn6uDiXjHDCWbMME=
github.com/Wing924/ltsv v0.1.1/go.mod h1:zl47wq7H23LocdDHg7yJAH/Qdc4MWHXu1Evx9Ahilmo=
github.com/Wing924/ltsv v1.2.0 h1:8LEXcOURm1f7EL3Q9Y+LYiHuNK9qBuQIPDLzUR+wfq0=
github.com/Wing924/ltsv v1.2.0/go.mod h1:zl47wq7H23LocdDHg7yJAH/Qdc4MWHXu1Evx9Ahilmo=
github.com/Wing924/ltsv v1.2.1-0.20190622134447-a55444a8b42e h1:JpoK7fQ5JZTAHmtKQ4cLxTNXuL1LEbk9Xnh38fUHMIA=
github.com/Wing924/ltsv v1.2.1-0.20190622134447-a55444a8b42e/go.mod h1:zl47wq7H23LocdDHg7yJAH/Qdc4MWHXu1Evx9Ahilmo=
github.com/davecgh/go-spew v1.1.0/go.mod h1:J7Y8YcW2NihsgmVo/mv3lAwl/skON4iLHjSsI+c5H38=
github.com/davecgh/go-spew v1.1.1 h1:vj9j/u1bqnvCEfJOwUhtlOARqs3+rkHYY13jYWTU97c=
github.com/davecgh/go-spew v1.1.1/go.mod h1:J7Y8YcW2NihsgmVo/mv3lAwl/skON4iLHjSsI+c5H38=
github.com/najeira/ltsv v0.0.0-20150303073528-40eb84a5b5d2 h1:woADZdsnRYjTG+9Rb4Wq9Eltb+6ZC9REv2ObFt0m9KA=
github.com/najeira/ltsv v0.0.0-20150303073528-40eb84a5b5d2/go.mod h1:VY0nAG+hmZziT1y1MBJFouy+Xkk4VYcONGlZv0uYtjg=
github.com/pmezard/go-difflib v1.0.0 h1:4DBwDE0NGyQoBHbLQYPwSUPoCMWR5BEzIk/f1lZbAQM=
github.com/pmezard/go-difflib v1.0.0/go.mod h1:iKH77koFhYxTK1pcRnkKkqfTogsbg7gZNVY4sRDYZ/4=
github.com/stretchr/objx v0.1.0 h1:4G4v2dO3VZwixGIRoQ5Lfboy6nUhCyYzaqnIAPPhYs4=
github.com/stretchr/objx v0.1.0/go.mod h1:HFkY916IF+rwdDfMAkV7OtwuqBVzrE8GR6GFx+wExME=
github.com/stretchr/objx v0.2.0/go.mod h1:qt09Ya8vawLte6SNmTgCsAVtYtaKzEcn8ATUoHMkEqE=
github.com/stretchr/testify v1.3.0 h1:TivCn/peBQ7UY8ooIcPgZFpTNSz0Q2U6UrFlUfqbe0Q=
github.com/stretchr/testify v1.3.0/go.mod h1:M5WIy9Dh21IEIfnGCwXGc5bZfKNJtfHm1UVUgZn+9EI=
github.com/ymotongpoo/goltsv v0.0.0-20130216005312-84f1da826252 h1:zXhSTcwTFZgFo1z8IksjN05O9pHxVSQV3gtUfwlRIzw=
github.com/ymotongpoo/goltsv v0.0.0-20130216005312-84f1da826252/go.mod h1:c1XsgVhgPubV0wqCuPeGZnptBjba8XpA+5mPaYTka0w=
golang.org/x/xerrors v0.0.0-20190510150013-5403a72a6aaf h1:46YZosxRq9YDy5kLloc61WBGDQ5byv6wcwMyDQNzOE8=
golang.org/x/xerrors v0.0.0-20190510150013-5403a72a6aaf/go.mod h1:I/5z698sn9Ka8TeJc9MKroUUfqBBauWjQqLJ2OPfmY0=
golang.org/x/xerrors v0.0.0-20190513163551-3ee3066db522 h1:bhOzK9QyoD0ogCnFro1m2mz41+Ib0oOhfJnBp5MR4K4=
golang.org/x/xerrors v0.0.0-20190513163551-3ee3066db522/go.mod h1:I/5z698sn9Ka8TeJc9MKroUUfqBBauWjQqLJ2OPfmY0=
